#MicroXplorer Configuration settings - do not modify
CAD.formats=
CAD.pinconfig=
CAD.provider=
Dma.Request0=SAI1_A
Dma.RequestsNb=1
Dma.SAI1_A.0.Direction=DMA_PERIPH_TO_MEMORY
Dma.SAI1_A.0.EventEnable=DISABLE
Dma.SAI1_A.0.Instance=DMA1_Channel1
Dma.SAI1_A.0.MemDataAlignment=DMA_MDATAALIGN_HALFWORD
Dma.SAI1_A.0.MemInc=DMA_MINC_ENABLE
Dma.SAI1_A.0.Mode=DMA_CIRCULAR
Dma.SAI1_A.0.PeriphDataAlignment=DMA_PDATAALIGN_HALFWORD
Dma.SAI1_A.0.PeriphInc=DMA_PINC_DISABLE
Dma.SAI1_A.0.Polarity=HAL_DMAMUX_REQ_GEN_RISING
Dma.SAI1_A.0.Priority=DMA_PRIORITY_HIGH
Dma.SAI1_A.0.RequestNumber=1
Dma.SAI1_A.0.RequestParameters=Instance,Direction,PeriphInc,MemInc,PeriphDataAlignment,MemDataAlignment,Mode,Priority,SignalID,Polarity,RequestNumber,SyncSignalID,SyncPolarity,SyncEnable,EventEnable,SyncRequestNumber
Dma.SAI1_A.0.SignalID=NONE
Dma.SAI1_A.0.SyncEnable=DISABLE
Dma.SAI1_A.0.SyncPolarity=HAL_DMAMUX_SYNC_NO_EVENT
Dma.SAI1_A.0.SyncRequestNumber=1
Dma.SAI1_A.0.SyncSignalID=NONE
FREERTOS.IPParameters=Tasks01,configENABLE_FPU,configUSE_NEWLIB_REENTRANT,configTOTAL_HEAP_SIZE,configMINIMAL_STACK_SIZE
FREERTOS.Tasks01=defaultTask,24,1024,StartDefaultTask,Default,NULL,Dynamic,NULL,NULL
FREERTOS.configENABLE_FPU=0
FREERTOS.configMINIMAL_STACK_SIZE=1024
FREERTOS.configTOTAL_HEAP_SIZE=60000
FREERTOS.configUSE_NEWLIB_REENTRANT=1
File.Version=6
GPIO.groupedBy=Group By Peripherals
KeepUserPlacement=false
LPUART1.BaudRate=115200
LPUART1.IPParameters=BaudRate
MMTAppReg1.MEMORYMAP.AppRegionName=RAM
MMTAppReg1.MEMORYMAP.ContextName=Cortex-M4NS
MMTAppReg1.MEMORYMAP.CoreName=ARM Cortex-M4
MMTAppReg1.MEMORYMAP.DefaultDataRegion=true
MMTAppReg1.MEMORYMAP.IPParameters=StartAddress,Size,CoreName,DefaultDataRegion,ContextName,Name
MMTAppReg1.MEMORYMAP.Name=RAM
MMTAppReg1.MEMORYMAP.Size=262144
MMTAppReg1.MEMORYMAP.StartAddress=0x20000000
MMTAppReg2.MEMORYMAP.AppRegionName=FLASH
MMTAppReg2.MEMORYMAP.ContextName=Cortex-M4NS
MMTAppReg2.MEMORYMAP.CoreName=ARM Cortex-M4
MMTAppReg2.MEMORYMAP.DefaultCodeRegion=true
MMTAppReg2.MEMORYMAP.DefaultDataRegion=false
MMTAppReg2.MEMORYMAP.IPParameters=StartAddress,Size,CoreName,DefaultDataRegion,MemType,ContextName,Name,DefaultCodeRegion
MMTAppReg2.MEMORYMAP.MemType=ROM
MMTAppReg2.MEMORYMAP.Name=FLASH
MMTAppReg2.MEMORYMAP.Size=1048576
MMTAppReg2.MEMORYMAP.StartAddress=0x08000000
MMTAppRegionsCount=2
MMTConfigApplied=false
Mcu.CPN=STM32WB5MMGH6TR
Mcu.Family=STM32WB
Mcu.IP0=DMA
Mcu.IP1=FREERTOS
Mcu.IP2=LPUART1
Mcu.IP3=MEMORYMAP
Mcu.IP4=NVIC
Mcu.IP5=QUADSPI
Mcu.IP6=RCC
Mcu.IP7=SAI1
Mcu.IP8=SYS
Mcu.IPNb=9
Mcu.Name=STM32WB5MMGHx
Mcu.Package=LGA86
Mcu.Pin0=PA2
Mcu.Pin1=PC3
Mcu.Pin10=PA7
Mcu.Pin11=PA6
Mcu.Pin12=VP_FREERTOS_VS_CMSIS_V2
Mcu.Pin13=VP_SYS_VS_tim17
Mcu.Pin14=VP_MEMORYMAP_VS_MEMORYMAP
Mcu.Pin2=PB9
Mcu.Pin3=PC0
Mcu.Pin4=PB8
Mcu.Pin5=PB5
Mcu.Pin6=PC10
Mcu.Pin7=PB10
Mcu.Pin8=PA8
Mcu.Pin9=PA9
Mcu.PinsNb=15
Mcu.ThirdPartyNb=0
Mcu.UserConstants=
Mcu.UserName=STM32WB5MMGHx
MxCube.Version=6.9.2
MxDb.Version=DB.6.0.92
NVIC.BusFault_IRQn=true\:0\:0\:false\:false\:true\:false\:false\:false\:false
NVIC.DMA1_Channel1_IRQn=true\:5\:0\:false\:false\:true\:true\:false\:true\:true
NVIC.DebugMonitor_IRQn=true\:0\:0\:false\:false\:true\:false\:false\:false\:false
NVIC.ForceEnableDMAVector=true
NVIC.HardFault_IRQn=true\:0\:0\:false\:false\:true\:false\:false\:false\:false
NVIC.MemoryManagement_IRQn=true\:0\:0\:false\:false\:true\:false\:false\:false\:false
NVIC.NonMaskableInt_IRQn=true\:0\:0\:false\:false\:true\:false\:false\:false\:false
NVIC.PendSV_IRQn=true\:15\:0\:false\:false\:false\:true\:false\:false\:false
NVIC.PriorityGroup=NVIC_PRIORITYGROUP_4
NVIC.SVCall_IRQn=true\:0\:0\:false\:false\:false\:false\:false\:false\:false
NVIC.SavedPendsvIrqHandlerGenerated=true
NVIC.SavedSvcallIrqHandlerGenerated=true
NVIC.SavedSystickIrqHandlerGenerated=true
NVIC.SysTick_IRQn=true\:15\:0\:false\:false\:false\:true\:false\:true\:false
NVIC.TIM1_TRG_COM_TIM17_IRQn=true\:15\:0\:false\:false\:true\:false\:false\:true\:true
NVIC.TimeBase=TIM1_TRG_COM_TIM17_IRQn
NVIC.TimeBaseIP=TIM17
NVIC.UsageFault_IRQn=true\:0\:0\:false\:false\:true\:false\:false\:false\:false
PA2.Mode=Single Bank 1
PA2.Signal=QUADSPI_BK1_NCS
PA6.Mode=Single Bank 1
PA6.Signal=QUADSPI_BK1_IO3
PA7.Mode=Single Bank 1
PA7.Signal=QUADSPI_BK1_IO2
PA8.Locked=true
PA8.Mode=PDM_Master_Mode_CK2
PA8.Signal=SAI1_CK2
PA9.Locked=true
PA9.Mode=3_4_MicroPhones
PA9.Signal=SAI1_D2
PB10.Mode=Single Bank 1
PB10.Signal=QUADSPI_CLK
PB5.Locked=true
PB5.Mode=Asynchronous
PB5.Signal=LPUART1_TX
PB8.Mode=Single Bank 1
PB8.Signal=QUADSPI_BK1_IO1
PB9.Mode=Single Bank 1
PB9.Signal=QUADSPI_BK1_IO0
PC0.Locked=true
PC0.Mode=Asynchronous
PC0.Signal=LPUART1_RX
PC10.GPIOParameters=PinState,GPIO_Label
PC10.GPIO_Label=MIC_PWR
PC10.Locked=true
PC10.PinState=GPIO_PIN_RESET
PC10.Signal=GPIO_Output
PC3.Mode=PDM_Master_Mode_CK2
PC3.Signal=SAI1_D1
PCC.Ble.ConnectionInterval=1000.0
PCC.Ble.DataLength=6
PCC.Ble.IsUsed=false
PCC.Ble.Mode=NOT_SELECTED
PCC.Ble.PowerLevel=Min
PCC.Zigbee.IsUsed=false
PCC.Zigbee.Mode=Sleepy End Device
PCC.Zigbee.Payload=15
PCC.Zigbee.PoolPeriodicity=480.0
PCC.Zigbee.PowerLevel=Min
PCC.Zigbee.RequestPeriodicity=1500.0
PinOutPanel.CurrentBGAView=Top
PinOutPanel.RotationAngle=0
ProjectManager.AskForMigrate=true
ProjectManager.BackupPrevious=false
ProjectManager.CompilerOptimize=6
ProjectManager.ComputerToolchain=false
ProjectManager.CoupleFile=false
ProjectManager.CustomerFirmwarePackage=
ProjectManager.DefaultFWLocation=true
ProjectManager.DeletePrevious=true
ProjectManager.DeviceId=STM32WB5MMGHx
ProjectManager.FirmwarePackage=STM32Cube FW_WB V1.17.2
ProjectManager.FreePins=false
ProjectManager.HalAssertFull=false
ProjectManager.HeapSize=0x200
ProjectManager.KeepUserCode=true
ProjectManager.LastFirmware=false
ProjectManager.LibraryCopy=1
ProjectManager.MainLocation=Core/Src
ProjectManager.NoMain=false
ProjectManager.PreviousToolchain=
ProjectManager.ProjectBuild=false
ProjectManager.ProjectFileName=bt-audio-test.ioc
ProjectManager.ProjectName=bt-audio-test
ProjectManager.ProjectStructure=
ProjectManager.RegisterCallBack=
ProjectManager.StackSize=0x400
ProjectManager.TargetToolchain=STM32CubeIDE
ProjectManager.ToolChainLocation=
ProjectManager.UAScriptAfterPath=
ProjectManager.UAScriptBeforePath=
ProjectManager.UnderRoot=true
ProjectManager.functionlistsort=1-SystemClock_Config-RCC-false-HAL-false,2-MX_GPIO_Init-GPIO-false-HAL-true,3-MX_DMA_Init-DMA-false-HAL-true,4-MX_MEMORYMAP_Init-MEMORYMAP-false-HAL-true,5-MX_SAI1_Init-SAI1-false-HAL-true,6-MX_QUADSPI_Init-QUADSPI-false-HAL-true,7-MX_LPUART1_UART_Init-LPUART1-false-HAL-true
RCC.ADCFreq_Value=48000000
RCC.AHB2CLKDivider=RCC_SYSCLK_DIV2
RCC.AHBFreq_Value=48000000
RCC.APB1Freq_Value=48000000
RCC.APB1TimFreq_Value=48000000
RCC.APB2Freq_Value=48000000
RCC.APB2TimFreq_Value=48000000
RCC.APB3Freq_Value=16000000
RCC.Cortex2Freq_Value=24000000
RCC.CortexFreq_Value=48000000
RCC.FCLK2Freq_Value=24000000
RCC.FCLKCortexFreq_Value=48000000
RCC.FamilyName=M
RCC.HCLK2Freq_Value=24000000
RCC.HCLK3Freq_Value=48000000
RCC.HCLKFreq_Value=48000000
RCC.HCLKRFFreq_Value=16000000
RCC.HSE_VALUE=32000000
RCC.HSI48_VALUE=48000000
RCC.HSI_VALUE=16000000
RCC.I2C1Freq_Value=48000000
RCC.I2C3Freq_Value=48000000
RCC.IPParameters=ADCFreq_Value,AHB2CLKDivider,AHBFreq_Value,APB1Freq_Value,APB1TimFreq_Value,APB2Freq_Value,APB2TimFreq_Value,APB3Freq_Value,Cortex2Freq_Value,CortexFreq_Value,FCLK2Freq_Value,FCLKCortexFreq_Value,FamilyName,HCLK2Freq_Value,HCLK3Freq_Value,HCLKFreq_Value,HCLKRFFreq_Value,HSE_VALUE,HSI48_VALUE,HSI_VALUE,I2C1Freq_Value,I2C3Freq_Value,LPTIM1Freq_Value,LPTIM2Freq_Value,LPUART1Freq_Value,LSCOPinFreq_Value,LSI_VALUE,MCO1PinFreq_Value,MSIClockRange,PLLM,PLLP,PLLPoutputFreq_Value,PLLQoutputFreq_Value,PLLRCLKFreq_Value,PLLSAI1N,PLLSAI1PoutputFreq_Value,PLLSAI1QoutputFreq_Value,PLLSAI1RoutputFreq_Value,PWRFreq_Value,RFWKPFreq_Value,RNGFreq_Value,SAI1CLockSelection,SAI1Freq_Value,SMPS1Freq_Value,SMPSFreq_Value,SYSCLKFreq_VALUE,USART1Freq_Value,USBFreq_Value,VCOInputFreq_Value,VCOOutputFreq_Value,VCOSAI1OutputFreq_Value
RCC.LPTIM1Freq_Value=48000000
RCC.LPTIM2Freq_Value=48000000
RCC.LPUART1Freq_Value=48000000
RCC.LSCOPinFreq_Value=32000
RCC.LSI_VALUE=32000
RCC.MCO1PinFreq_Value=48000000
RCC.MSIClockRange=RCC_MSIRANGE_11
RCC.PLLM=RCC_PLLM_DIV3
RCC.PLLP=RCC_PLLP_DIV4
RCC.PLLPoutputFreq_Value=32000000
RCC.PLLQoutputFreq_Value=64000000
RCC.PLLRCLKFreq_Value=64000000
RCC.PLLSAI1N=6
RCC.PLLSAI1PoutputFreq_Value=48000000
RCC.PLLSAI1QoutputFreq_Value=48000000
RCC.PLLSAI1RoutputFreq_Value=48000000
RCC.PWRFreq_Value=48000000
RCC.RFWKPFreq_Value=31250
RCC.RNGFreq_Value=32000
RCC.SAI1CLockSelection=RCC_SAI1CLKSOURCE_HSI
RCC.SAI1Freq_Value=16000000
RCC.SMPS1Freq_Value=8000000
RCC.SMPSFreq_Value=4000000
RCC.SYSCLKFreq_VALUE=48000000
RCC.USART1Freq_Value=48000000
RCC.USBFreq_Value=48000000
RCC.VCOInputFreq_Value=16000000
RCC.VCOOutputFreq_Value=128000000
RCC.VCOSAI1OutputFreq_Value=96000000
SAI1.Activation=ENABLE
SAI1.AudioFrequency-PDM_Master_Mode_CK2=SAI_AUDIO_FREQUENCY_16K
SAI1.ClockStrobing-PDM_Master_Mode_CK2=SAI_CLOCKSTROBING_FALLINGEDGE
SAI1.DataSize-PDM_Master_Mode_CK2=SAI_DATASIZE_16
SAI1.ErrorAudioFreq-PDM_Master_Mode_CK2=-2.34 %
SAI1.FSDefinition-PDM_Master_Mode_CK2=SAI_FS_CHANNEL_IDENTIFICATION
SAI1.FrameLength-PDM_Master_Mode_CK2=64
SAI1.IPParameters=Instance-PDM_Master_Mode_CK2,VirtualMode-PDM_Master_Mode_CK2,MClockEnable-PDM_Master_Mode_CK2,VirtualProtocol-PDM_Master_Mode_CK2,Activation,RealAudioFreq-PDM_Master_Mode_CK2,ErrorAudioFreq-PDM_Master_Mode_CK2,FrameLength-PDM_Master_Mode_CK2,DataSize-PDM_Master_Mode_CK2,MonoStereoMode-PDM_Master_Mode_CK2,Synchro_A,SlotNumber-PDM_Master_Mode_CK2,AudioFrequency-PDM_Master_Mode_CK2,ClockStrobing-PDM_Master_Mode_CK2,FSDefinition-PDM_Master_Mode_CK2,VirtualSlotActive-PDM_Master_Mode_CK2,SlotActive-PDM_Master_Mode_CK2
SAI1.Instance-PDM_Master_Mode_CK2=SAI$Index_Block_A
SAI1.MClockEnable-PDM_Master_Mode_CK2=SAI_MASTERCLOCK_DISABLE
SAI1.MonoStereoMode-PDM_Master_Mode_CK2=SAI_STEREOMODE
SAI1.RealAudioFreq-PDM_Master_Mode_CK2=15.625 KHz
SAI1.SlotActive-PDM_Master_Mode_CK2=0x0000FFFF
SAI1.SlotNumber-PDM_Master_Mode_CK2=4
SAI1.Synchro_A=SAI_ASYNCHRONOUS
SAI1.VirtualMode-PDM_Master_Mode_CK2=VM_MASTER
SAI1.VirtualProtocol-PDM_Master_Mode_CK2=VM_PDM_PROTOCOL
SAI1.VirtualSlotActive-PDM_Master_Mode_CK2=SAI_SLOTACTIVE_ALL
VP_FREERTOS_VS_CMSIS_V2.Mode=CMSIS_V2
VP_FREERTOS_VS_CMSIS_V2.Signal=FREERTOS_VS_CMSIS_V2
VP_MEMORYMAP_VS_MEMORYMAP.Mode=CurAppReg
VP_MEMORYMAP_VS_MEMORYMAP.Signal=MEMORYMAP_VS_MEMORYMAP
VP_SYS_VS_tim17.Mode=TIM17
VP_SYS_VS_tim17.Signal=SYS_VS_tim17
board=custom
rtos.0.ip=FREERTOS
isbadioc=false
